
Microsoft Visual Studio Solution File, Format Version 12.00
# Visual Studio 15
VisualStudioVersion = 15.0.28307.645
MinimumVisualStudioVersion = 10.0.40219.1
Project("{FAE04EC0-301F-11D3-BF4B-00C04F79EFBC}") = "HotelWebProject", "HotelWebProject\HotelWebProject.csproj", "{E23FD410-0CB3-43A7-87DB-21CAABD53F45}"
EndProject
Project("{FAE04EC0-301F-11D3-BF4B-00C04F79EFBC}") = "BLL", "BLL\BLL.csproj", "{239BCF14-D845-47FB-A9C7-2B0749676F1B}"
EndProject
Project("{FAE04EC0-301F-11D3-BF4B-00C04F79EFBC}") = "DAL", "DAL\DAL.csproj", "{9CC16F61-E527-494E-B202-AA92C8CCC8CB}"
EndProject
Project("{FAE04EC0-301F-11D3-BF4B-00C04F79EFBC}") = "Models", "Models\Models.csproj", "{37CF296E-04F7-4C34-B029-16CAFB62F4B7}"
EndProject
Global
	GlobalSection(SolutionConfigurationPlatforms) = preSolution
		Debug|Any CPU = Debug|Any CPU
		Release|Any CPU = Release|Any CPU
	EndGlobalSection
	GlobalSection(ProjectConfigurationPlatforms) = postSolution
		{E23FD410-0CB3-43A7-87DB-21CAABD53F45}.Debug|Any CPU.ActiveCfg = Debug|Any CPU
		{E23FD410-0CB3-43A7-87DB-21CAABD53F45}.Debug|Any CPU.Build.0 = Debug|Any CPU
		{E23FD410-0CB3-43A7-87DB-21CAABD53F45}.Release|Any CPU.ActiveCfg = Release|Any CPU
		{E23FD410-0CB3-43A7-87DB-21CAABD53F45}.Release|Any CPU.Build.0 = Release|Any CPU
		{239BCF14-D845-47FB-A9C7-2B0749676F1B}.Debug|Any CPU.ActiveCfg = Debug|Any CPU
		{239BCF14-D845-47FB-A9C7-2B0749676F1B}.Debug|Any CPU.Build.0 = Debug|Any CPU
		{239BCF14-D845-47FB-A9C7-2B0749676F1B}.Release|Any CPU.ActiveCfg = Release|Any CPU
		{239BCF14-D845-47FB-A9C7-2B0749676F1B}.Release|Any CPU.Build.0 = Release|Any CPU
		{9CC16F61-E527-494E-B202-AA92C8CCC8CB}.Debug|Any CPU.ActiveCfg = Debug|Any CPU
		{9CC16F61-E527-494E-B202-AA92C8CCC8CB}.Debug|Any CPU.Build.0 = Debug|Any CPU
		{9CC16F61-E527-494E-B202-AA92C8CCC8CB}.Release|Any CPU.ActiveCfg = Release|Any CPU
		{9CC16F61-E527-494E-B202-AA92C8CCC8CB}.Release|Any CPU.Build.0 = Release|Any CPU
		{37CF296E-04F7-4C34-B029-16CAFB62F4B7}.Debug|Any CPU.ActiveCfg = Debug|Any CPU
		{37CF296E-04F7-4C34-B029-16CAFB62F4B7}.Debug|Any CPU.Build.0 = Debug|Any CPU
		{37CF296E-04F7-4C34-B029-16CAFB62F4B7}.Release|Any CPU.ActiveCfg = Release|Any CPU
		{37CF296E-04F7-4C34-B029-16CAFB62F4B7}.Release|Any CPU.Build.0 = Release|Any CPU
	EndGlobalSection
	GlobalSection(SolutionProperties) = preSolution
		HideSolutionNode = FALSE
	EndGlobalSection
	GlobalSection(ExtensibilityGlobals) = postSolution
		SolutionGuid = {D3C4E2C3-D808-4F5E-8696-94314B63DE07}
	EndGlobalSection
EndGlobal
